
Microsoft Visual Studio Solution File, Format Version 12.00
# Visual Studio Version 17
VisualStudioVersion = 17.14.36414.22 d17.14
MinimumVisualStudioVersion = 10.0.40219.1
Project("{FAE04EC0-301F-11D3-BF4B-00C04F79EFBC}") = "Cryptography", "Cryptography\Cryptography.csproj", "{FD082A36-6479-4B66-A407-EA4D60C9EE29}"
EndProject
Global
	GlobalSection(SolutionConfigurationPlatforms) = preSolution
		Debug|Any CPU = Debug|Any CPU
		Release|Any CPU = Release|Any CPU
	EndGlobalSection
	GlobalSection(ProjectConfigurationPlatforms) = postSolution
		{FD082A36-6479-4B66-A407-EA4D60C9EE29}.Debug|Any CPU.ActiveCfg = Debug|Any CPU
		{FD082A36-6479-4B66-A407-EA4D60C9EE29}.Debug|Any CPU.Build.0 = Debug|Any CPU
		{FD082A36-6479-4B66-A407-EA4D60C9EE29}.Release|Any CPU.ActiveCfg = Release|Any CPU
		{FD082A36-6479-4B66-A407-EA4D60C9EE29}.Release|Any CPU.Build.0 = Release|Any CPU
	EndGlobalSection
	GlobalSection(SolutionProperties) = preSolution
		HideSolutionNode = FALSE
	EndGlobalSection
	GlobalSection(ExtensibilityGlobals) = postSolution
		SolutionGuid = {8DEFF25E-E34A-4E70-B07F-181AEB6BAF98}
	EndGlobalSection
EndGlobal
