Microsoft Visual Studio Solution File, Format Version 12.00
# Visual Studio Version 17
VisualStudioVersion = 17.5.2.0
MinimumVisualStudioVersion = 10.0.40219.1
Project("{FAE04EC0-301F-11D3-BF4B-00C04F79EFBC}") = "Cryptography", "Cryptography.csproj", "{1C454B6E-FADE-220E-FB24-BCA61BBB2161}"
EndProject
Global
	GlobalSection(SolutionConfigurationPlatforms) = preSolution
		Debug|Any CPU = Debug|Any CPU
		Release|Any CPU = Release|Any CPU
	EndGlobalSection
	GlobalSection(ProjectConfigurationPlatforms) = postSolution
		{1C454B6E-FADE-220E-FB24-BCA61BBB2161}.Debug|Any CPU.ActiveCfg = Debug|Any CPU
		{1C454B6E-FADE-220E-FB24-BCA61BBB2161}.Debug|Any CPU.Build.0 = Debug|Any CPU
		{1C454B6E-FADE-220E-FB24-BCA61BBB2161}.Release|Any CPU.ActiveCfg = Release|Any CPU
		{1C454B6E-FADE-220E-FB24-BCA61BBB2161}.Release|Any CPU.Build.0 = Release|Any CPU
	EndGlobalSection
	GlobalSection(SolutionProperties) = preSolution
		HideSolutionNode = FALSE
	EndGlobalSection
	GlobalSection(ExtensibilityGlobals) = postSolution
		SolutionGuid = {C79BF284-3159-4449-AC90-89AE4BB64280}
	EndGlobalSection
EndGlobal
